// !$*UTF8*$!
{
	archiveVersion = 1;
	classes = {
	};
	objectVersion = 55;
	objects = {

/* Begin PBXBuildFile section */
		2A58EF2C51069859529FF882 /* Pods_FlixTests.framework in Frameworks */ = {isa = PBXBuildFile; fileRef = 7406D7EADC186C7CF0104492 /* Pods_FlixTests.framework */; };
		4E0E8EC427BE3627003A9792 /* MovieCell.swift in Sources */ = {isa = PBXBuildFile; fileRef = 4E0E8EC327BE3627003A9792 /* MovieCell.swift */; };
		4E0E8EC727BF27FE003A9792 /* AlamofireImage in Frameworks */ = {isa = PBXBuildFile; productRef = 4E0E8EC627BF27FE003A9792 /* AlamofireImage */; };
		4EC1E32827B730B1003FFB50 /* AppDelegate.m in Sources */ = {isa = PBXBuildFile; fileRef = 4EC1E32727B730B1003FFB50 /* AppDelegate.m */; };
		4EC1E32B27B730B1003FFB50 /* SceneDelegate.m in Sources */ = {isa = PBXBuildFile; fileRef = 4EC1E32A27B730B1003FFB50 /* SceneDelegate.m */; };
		4EC1E32E27B730B1003FFB50 /* ViewController.m in Sources */ = {isa = PBXBuildFile; fileRef = 4EC1E32D27B730B1003FFB50 /* ViewController.m */; };
		4EC1E33127B730B1003FFB50 /* Main.storyboard in Resources */ = {isa = PBXBuildFile; fileRef = 4EC1E32F27B730B1003FFB50 /* Main.storyboard */; };
		4EC1E33327B730B5003FFB50 /* Assets.xcassets in Resources */ = {isa = PBXBuildFile; fileRef = 4EC1E33227B730B5003FFB50 /* Assets.xcassets */; };
		4EC1E33627B730B5003FFB50 /* LaunchScreen.storyboard in Resources */ = {isa = PBXBuildFile; fileRef = 4EC1E33427B730B5003FFB50 /* LaunchScreen.storyboard */; };
		4EC1E33927B730B5003FFB50 /* main.m in Sources */ = {isa = PBXBuildFile; fileRef = 4EC1E33827B730B5003FFB50 /* main.m */; };
		4EC1E34327B730B6003FFB50 /* FlixTests.m in Sources */ = {isa = PBXBuildFile; fileRef = 4EC1E34227B730B6003FFB50 /* FlixTests.m */; };
		4EC1E34D27B730B6003FFB50 /* FlixUITests.m in Sources */ = {isa = PBXBuildFile; fileRef = 4EC1E34C27B730B6003FFB50 /* FlixUITests.m */; };
		4EC1E34F27B730B6003FFB50 /* FlixUITestsLaunchTests.m in Sources */ = {isa = PBXBuildFile; fileRef = 4EC1E34E27B730B6003FFB50 /* FlixUITestsLaunchTests.m */; };
		4EF571FC27BE060D005C1C80 /* MoviesViewController.swift in Sources */ = {isa = PBXBuildFile; fileRef = 4EF571FB27BE060D005C1C80 /* MoviesViewController.swift */; };
		C492953B195BCC1C27E1F654 /* Pods_Flix_FlixUITests.framework in Frameworks */ = {isa = PBXBuildFile; fileRef = 8222A30527FD3448786DB046 /* Pods_Flix_FlixUITests.framework */; };
		C631F78730032090FEEDD54E /* Pods_Flix.framework in Frameworks */ = {isa = PBXBuildFile; fileRef = 94FCF66F2D72F9022721D3E1 /* Pods_Flix.framework */; };
/* End PBXBuildFile section */

/* Begin PBXContainerItemProxy section */
		4EC1E33F27B730B6003FFB50 /* PBXContainerItemProxy */ = {
			isa = PBXContainerItemProxy;
			containerPortal = 4EC1E31B27B730B1003FFB50 /* Project object */;
			proxyType = 1;
			remoteGlobalIDString = 4EC1E32227B730B1003FFB50;
			remoteInfo = Flix;
		};
		4EC1E34927B730B6003FFB50 /* PBXContainerItemProxy */ = {
			isa = PBXContainerItemProxy;
			containerPortal = 4EC1E31B27B730B1003FFB50 /* Project object */;
			proxyType = 1;
			remoteGlobalIDString = 4EC1E32227B730B1003FFB50;
			remoteInfo = Flix;
		};
/* End PBXContainerItemProxy section */

/* Begin PBXFileReference section */
		41E108EF0AD638C05F92F795 /* Pods-Flix-FlixUITests.debug.xcconfig */ = {isa = PBXFileReference; includeInIndex = 1; lastKnownFileType = text.xcconfig; name = "Pods-Flix-FlixUITests.debug.xcconfig"; path = "Target Support Files/Pods-Flix-FlixUITests/Pods-Flix-FlixUITests.debug.xcconfig"; sourceTree = "<group>"; };
		49140A49F68B7D0829B916F5 /* Pods-Flix-FlixUITests.release.xcconfig */ = {isa = PBXFileReference; includeInIndex = 1; lastKnownFileType = text.xcconfig; name = "Pods-Flix-FlixUITests.release.xcconfig"; path = "Target Support Files/Pods-Flix-FlixUITests/Pods-Flix-FlixUITests.release.xcconfig"; sourceTree = "<group>"; };
		4E0E8EC327BE3627003A9792 /* MovieCell.swift */ = {isa = PBXFileReference; lastKnownFileType = sourcecode.swift; path = MovieCell.swift; sourceTree = "<group>"; };
		4EC1E32327B730B1003FFB50 /* Flix.app */ = {isa = PBXFileReference; explicitFileType = wrapper.application; includeInIndex = 0; path = Flix.app; sourceTree = BUILT_PRODUCTS_DIR; };
		4EC1E32627B730B1003FFB50 /* AppDelegate.h */ = {isa = PBXFileReference; lastKnownFileType = sourcecode.c.h; path = AppDelegate.h; sourceTree = "<group>"; };
		4EC1E32727B730B1003FFB50 /* AppDelegate.m */ = {isa = PBXFileReference; lastKnownFileType = sourcecode.c.objc; path = AppDelegate.m; sourceTree = "<group>"; };
		4EC1E32927B730B1003FFB50 /* SceneDelegate.h */ = {isa = PBXFileReference; lastKnownFileType = sourcecode.c.h; path = SceneDelegate.h; sourceTree = "<group>"; };
		4EC1E32A27B730B1003FFB50 /* SceneDelegate.m */ = {isa = PBXFileReference; lastKnownFileType = sourcecode.c.objc; path = SceneDelegate.m; sourceTree = "<group>"; };
		4EC1E32C27B730B1003FFB50 /* ViewController.h */ = {isa = PBXFileReference; lastKnownFileType = sourcecode.c.h; path = ViewController.h; sourceTree = "<group>"; };
		4EC1E32D27B730B1003FFB50 /* ViewController.m */ = {isa = PBXFileReference; lastKnownFileType = sourcecode.c.objc; path = ViewController.m; sourceTree = "<group>"; };
		4EC1E33027B730B1003FFB50 /* Base */ = {isa = PBXFileReference; lastKnownFileType = file.storyboard; name = Base; path = Base.lproj/Main.storyboard; sourceTree = "<group>"; };
		4EC1E33227B730B5003FFB50 /* Assets.xcassets */ = {isa = PBXFileReference; lastKnownFileType = folder.assetcatalog; path = Assets.xcassets; sourceTree = "<group>"; };
		4EC1E33527B730B5003FFB50 /* Base */ = {isa = PBXFileReference; lastKnownFileType = file.storyboard; name = Base; path = Base.lproj/LaunchScreen.storyboard; sourceTree = "<group>"; };
		4EC1E33727B730B5003FFB50 /* Info.plist */ = {isa = PBXFileReference; lastKnownFileType = text.plist.xml; path = Info.plist; sourceTree = "<group>"; };
		4EC1E33827B730B5003FFB50 /* main.m */ = {isa = PBXFileReference; lastKnownFileType = sourcecode.c.objc; path = main.m; sourceTree = "<group>"; };
		4EC1E33E27B730B6003FFB50 /* FlixTests.xctest */ = {isa = PBXFileReference; explicitFileType = wrapper.cfbundle; includeInIndex = 0; path = FlixTests.xctest; sourceTree = BUILT_PRODUCTS_DIR; };
		4EC1E34227B730B6003FFB50 /* FlixTests.m */ = {isa = PBXFileReference; lastKnownFileType = sourcecode.c.objc; path = FlixTests.m; sourceTree = "<group>"; };
		4EC1E34827B730B6003FFB50 /* FlixUITests.xctest */ = {isa = PBXFileReference; explicitFileType = wrapper.cfbundle; includeInIndex = 0; path = FlixUITests.xctest; sourceTree = BUILT_PRODUCTS_DIR; };
		4EC1E34C27B730B6003FFB50 /* FlixUITests.m */ = {isa = PBXFileReference; lastKnownFileType = sourcecode.c.objc; path = FlixUITests.m; sourceTree = "<group>"; };
		4EC1E34E27B730B6003FFB50 /* FlixUITestsLaunchTests.m */ = {isa = PBXFileReference; lastKnownFileType = sourcecode.c.objc; path = FlixUITestsLaunchTests.m; sourceTree = "<group>"; };
		4EF571FB27BE060D005C1C80 /* MoviesViewController.swift */ = {isa = PBXFileReference; lastKnownFileType = sourcecode.swift; path = MoviesViewController.swift; sourceTree = "<group>"; };
		7406D7EADC186C7CF0104492 /* Pods_FlixTests.framework */ = {isa = PBXFileReference; explicitFileType = wrapper.framework; includeInIndex = 0; path = Pods_FlixTests.framework; sourceTree = BUILT_PRODUCTS_DIR; };
		764B48AD9962D4875C3AACC0 /* Pods-FlixTests.release.xcconfig */ = {isa = PBXFileReference; includeInIndex = 1; lastKnownFileType = text.xcconfig; name = "Pods-FlixTests.release.xcconfig"; path = "Target Support Files/Pods-FlixTests/Pods-FlixTests.release.xcconfig"; sourceTree = "<group>"; };
		8222A30527FD3448786DB046 /* Pods_Flix_FlixUITests.framework */ = {isa = PBXFileReference; explicitFileType = wrapper.framework; includeInIndex = 0; path = Pods_Flix_FlixUITests.framework; sourceTree = BUILT_PRODUCTS_DIR; };
		94FCF66F2D72F9022721D3E1 /* Pods_Flix.framework */ = {isa = PBXFileReference; explicitFileType = wrapper.framework; includeInIndex = 0; path = Pods_Flix.framework; sourceTree = BUILT_PRODUCTS_DIR; };
		AFC0306E1FBDA8FD3DB7E696 /* Pods-Flix.release.xcconfig */ = {isa = PBXFileReference; includeInIndex = 1; lastKnownFileType = text.xcconfig; name = "Pods-Flix.release.xcconfig"; path = "Target Support Files/Pods-Flix/Pods-Flix.release.xcconfig"; sourceTree = "<group>"; };
		B440D044473542611FF7CC22 /* Pods-FlixTests.debug.xcconfig */ = {isa = PBXFileReference; includeInIndex = 1; lastKnownFileType = text.xcconfig; name = "Pods-FlixTests.debug.xcconfig"; path = "Target Support Files/Pods-FlixTests/Pods-FlixTests.debug.xcconfig"; sourceTree = "<group>"; };
		D028D8658558A5C8AC9D26BB /* Pods-Flix.debug.xcconfig */ = {isa = PBXFileReference; includeInIndex = 1; lastKnownFileType = text.xcconfig; name = "Pods-Flix.debug.xcconfig"; path = "Target Support Files/Pods-Flix/Pods-Flix.debug.xcconfig"; sourceTree = "<group>"; };
/* End PBXFileReference section */

/* Begin PBXFrameworksBuildPhase section */
		4EC1E32027B730B1003FFB50 /* Frameworks */ = {
			isa = PBXFrameworksBuildPhase;
			buildActionMask = 2147483647;
			files = (
				4E0E8EC727BF27FE003A9792 /* AlamofireImage in Frameworks */,
				C631F78730032090FEEDD54E /* Pods_Flix.framework in Frameworks */,
			);
			runOnlyForDeploymentPostprocessing = 0;
		};
		4EC1E33B27B730B6003FFB50 /* Frameworks */ = {
			isa = PBXFrameworksBuildPhase;
			buildActionMask = 2147483647;
			files = (
				2A58EF2C51069859529FF882 /* Pods_FlixTests.framework in Frameworks */,
			);
			runOnlyForDeploymentPostprocessing = 0;
		};
		4EC1E34527B730B6003FFB50 /* Frameworks */ = {
			isa = PBXFrameworksBuildPhase;
			buildActionMask = 2147483647;
			files = (
				C492953B195BCC1C27E1F654 /* Pods_Flix_FlixUITests.framework in Frameworks */,
			);
			runOnlyForDeploymentPostprocessing = 0;
		};
/* End PBXFrameworksBuildPhase section */

/* Begin PBXGroup section */
		4EC1E31A27B730B1003FFB50 = {
			isa = PBXGroup;
			children = (
				4EC1E32527B730B1003FFB50 /* Flix */,
				4EC1E34127B730B6003FFB50 /* FlixTests */,
				4EC1E34B27B730B6003FFB50 /* FlixUITests */,
				4EC1E32427B730B1003FFB50 /* Products */,
				FC8AF0873D15CBC9B8E1C555 /* Pods */,
				F7D2DD70E43ADFD850473D5A /* Frameworks */,
			);
			sourceTree = "<group>";
		};
		4EC1E32427B730B1003FFB50 /* Products */ = {
			isa = PBXGroup;
			children = (
				4EC1E32327B730B1003FFB50 /* Flix.app */,
				4EC1E33E27B730B6003FFB50 /* FlixTests.xctest */,
				4EC1E34827B730B6003FFB50 /* FlixUITests.xctest */,
			);
			name = Products;
			sourceTree = "<group>";
		};
		4EC1E32527B730B1003FFB50 /* Flix */ = {
			isa = PBXGroup;
			children = (
				4EC1E32627B730B1003FFB50 /* AppDelegate.h */,
				4EC1E32727B730B1003FFB50 /* AppDelegate.m */,
				4EC1E32927B730B1003FFB50 /* SceneDelegate.h */,
				4EC1E32A27B730B1003FFB50 /* SceneDelegate.m */,
				4EC1E32C27B730B1003FFB50 /* ViewController.h */,
				4EC1E32D27B730B1003FFB50 /* ViewController.m */,
				4EC1E32F27B730B1003FFB50 /* Main.storyboard */,
				4E0E8EC327BE3627003A9792 /* MovieCell.swift */,
				4EF571FB27BE060D005C1C80 /* MoviesViewController.swift */,
				4EC1E33227B730B5003FFB50 /* Assets.xcassets */,
				4EC1E33427B730B5003FFB50 /* LaunchScreen.storyboard */,
				4EC1E33727B730B5003FFB50 /* Info.plist */,
				4EC1E33827B730B5003FFB50 /* main.m */,
			);
			path = Flix;
			sourceTree = "<group>";
		};
		4EC1E34127B730B6003FFB50 /* FlixTests */ = {
			isa = PBXGroup;
			children = (
				4EC1E34227B730B6003FFB50 /* FlixTests.m */,
			);
			path = FlixTests;
			sourceTree = "<group>";
		};
		4EC1E34B27B730B6003FFB50 /* FlixUITests */ = {
			isa = PBXGroup;
			children = (
				4EC1E34C27B730B6003FFB50 /* FlixUITests.m */,
				4EC1E34E27B730B6003FFB50 /* FlixUITestsLaunchTests.m */,
			);
			path = FlixUITests;
			sourceTree = "<group>";
		};
		F7D2DD70E43ADFD850473D5A /* Frameworks */ = {
			isa = PBXGroup;
			children = (
				94FCF66F2D72F9022721D3E1 /* Pods_Flix.framework */,
				8222A30527FD3448786DB046 /* Pods_Flix_FlixUITests.framework */,
				7406D7EADC186C7CF0104492 /* Pods_FlixTests.framework */,
			);
			name = Frameworks;
			sourceTree = "<group>";
		};
		FC8AF0873D15CBC9B8E1C555 /* Pods */ = {
			isa = PBXGroup;
			children = (
				D028D8658558A5C8AC9D26BB /* Pods-Flix.debug.xcconfig */,
				AFC0306E1FBDA8FD3DB7E696 /* Pods-Flix.release.xcconfig */,
				41E108EF0AD638C05F92F795 /* Pods-Flix-FlixUITests.debug.xcconfig */,
				49140A49F68B7D0829B916F5 /* Pods-Flix-FlixUITests.release.xcconfig */,
				B440D044473542611FF7CC22 /* Pods-FlixTests.debug.xcconfig */,
				764B48AD9962D4875C3AACC0 /* Pods-FlixTests.release.xcconfig */,
			);
			name = Pods;
			path = Pods;
			sourceTree = "<group>";
		};
/* End PBXGroup section */

/* Begin PBXNativeTarget section */
		4EC1E32227B730B1003FFB50 /* Flix */ = {
			isa = PBXNativeTarget;
			buildConfigurationList = 4EC1E35227B730B6003FFB50 /* Build configuration list for PBXNativeTarget "Flix" */;
			buildPhases = (
				0008C6EA6E0DDDCC199B8BAD /* [CP] Check Pods Manifest.lock */,
				4EC1E31F27B730B1003FFB50 /* Sources */,
				4EC1E32027B730B1003FFB50 /* Frameworks */,
				4EC1E32127B730B1003FFB50 /* Resources */,
				D28E95F04FD6505B1038ED9E /* [CP] Embed Pods Frameworks */,
			);
			buildRules = (
			);
			dependencies = (
			);
			name = Flix;
			packageProductDependencies = (
				4E0E8EC627BF27FE003A9792 /* AlamofireImage */,
			);
			productName = Flix;
			productReference = 4EC1E32327B730B1003FFB50 /* Flix.app */;
			productType = "com.apple.product-type.application";
		};
		4EC1E33D27B730B6003FFB50 /* FlixTests */ = {
			isa = PBXNativeTarget;
			buildConfigurationList = 4EC1E35527B730B6003FFB50 /* Build configuration list for PBXNativeTarget "FlixTests" */;
			buildPhases = (
				F2BBEC0E12AC49E7BB54F40E /* [CP] Check Pods Manifest.lock */,
				4EC1E33A27B730B6003FFB50 /* Sources */,
				4EC1E33B27B730B6003FFB50 /* Frameworks */,
				4EC1E33C27B730B6003FFB50 /* Resources */,
			);
			buildRules = (
			);
			dependencies = (
				4EC1E34027B730B6003FFB50 /* PBXTargetDependency */,
			);
			name = FlixTests;
			productName = FlixTests;
			productReference = 4EC1E33E27B730B6003FFB50 /* FlixTests.xctest */;
			productType = "com.apple.product-type.bundle.unit-test";
		};
		4EC1E34727B730B6003FFB50 /* FlixUITests */ = {
			isa = PBXNativeTarget;
			buildConfigurationList = 4EC1E35827B730B6003FFB50 /* Build configuration list for PBXNativeTarget "FlixUITests" */;
			buildPhases = (
				6C5333380501F284C5CA6C5F /* [CP] Check Pods Manifest.lock */,
				4EC1E34427B730B6003FFB50 /* Sources */,
				4EC1E34527B730B6003FFB50 /* Frameworks */,
				4EC1E34627B730B6003FFB50 /* Resources */,
				5A7122D64D43881CD6D81980 /* [CP] Embed Pods Frameworks */,
			);
			buildRules = (
			);
			dependencies = (
				4EC1E34A27B730B6003FFB50 /* PBXTargetDependency */,
			);
			name = FlixUITests;
			productName = FlixUITests;
			productReference = 4EC1E34827B730B6003FFB50 /* FlixUITests.xctest */;
			productType = "com.apple.product-type.bundle.ui-testing";
		};
/* End PBXNativeTarget section */

/* Begin PBXProject section */
		4EC1E31B27B730B1003FFB50 /* Project object */ = {
			isa = PBXProject;
			attributes = {
				BuildIndependentTargetsInParallel = 1;
				LastUpgradeCheck = 1320;
				TargetAttributes = {
					4EC1E32227B730B1003FFB50 = {
						CreatedOnToolsVersion = 13.2.1;
						LastSwiftMigration = 1320;
					};
					4EC1E33D27B730B6003FFB50 = {
						CreatedOnToolsVersion = 13.2.1;
						TestTargetID = 4EC1E32227B730B1003FFB50;
					};
					4EC1E34727B730B6003FFB50 = {
						CreatedOnToolsVersion = 13.2.1;
						TestTargetID = 4EC1E32227B730B1003FFB50;
					};
				};
			};
			buildConfigurationList = 4EC1E31E27B730B1003FFB50 /* Build configuration list for PBXProject "Flix" */;
			compatibilityVersion = "Xcode 13.0";
			developmentRegion = en;
			hasScannedForEncodings = 0;
			knownRegions = (
				en,
				Base,
			);
			mainGroup = 4EC1E31A27B730B1003FFB50;
			packageReferences = (
				4E0E8EC527BF27FE003A9792 /* XCRemoteSwiftPackageReference "AlamofireImage" */,
			);
			productRefGroup = 4EC1E32427B730B1003FFB50 /* Products */;
			projectDirPath = "";
			projectRoot = "";
			targets = (
				4EC1E32227B730B1003FFB50 /* Flix */,
				4EC1E33D27B730B6003FFB50 /* FlixTests */,
				4EC1E34727B730B6003FFB50 /* FlixUITests */,
			);
		};
/* End PBXProject section */

/* Begin PBXResourcesBuildPhase section */
		4EC1E32127B730B1003FFB50 /* Resources */ = {
			isa = PBXResourcesBuildPhase;
			buildActionMask = 2147483647;
			files = (
				4EC1E33627B730B5003FFB50 /* LaunchScreen.storyboard in Resources */,
				4EC1E33327B730B5003FFB50 /* Assets.xcassets in Resources */,
				4EC1E33127B730B1003FFB50 /* Main.storyboard in Resources */,
			);
			runOnlyForDeploymentPostprocessing = 0;
		};
		4EC1E33C27B730B6003FFB50 /* Resources */ = {
			isa = PBXResourcesBuildPhase;
			buildActionMask = 2147483647;
			files = (
			);
			runOnlyForDeploymentPostprocessing = 0;
		};
		4EC1E34627B730B6003FFB50 /* Resources */ = {
			isa = PBXResourcesBuildPhase;
			buildActionMask = 2147483647;
			files = (
			);
			runOnlyForDeploymentPostprocessing = 0;
		};
/* End PBXResourcesBuildPhase section */

/* Begin PBXShellScriptBuildPhase section */
		0008C6EA6E0DDDCC199B8BAD /* [CP] Check Pods Manifest.lock */ = {
			isa = PBXShellScriptBuildPhase;
			buildActionMask = 2147483647;
			files = (
			);
			inputFileListPaths = (
			);
			inputPaths = (
				"${PODS_PODFILE_DIR_PATH}/Podfile.lock",
				"${PODS_ROOT}/Manifest.lock",
			);
			name = "[CP] Check Pods Manifest.lock";
			outputFileListPaths = (
			);
			outputPaths = (
				"$(DERIVED_FILE_DIR)/Pods-Flix-checkManifestLockResult.txt",
			);
			runOnlyForDeploymentPostprocessing = 0;
			shellPath = /bin/sh;
			shellScript = "diff \"${PODS_PODFILE_DIR_PATH}/Podfile.lock\" \"${PODS_ROOT}/Manifest.lock\" > /dev/null\nif [ $? != 0 ] ; then\n    # print error to STDERR\n    echo \"error: The sandbox is not in sync with the Podfile.lock. Run 'pod install' or update your CocoaPods installation.\" >&2\n    exit 1\nfi\n# This output is used by Xcode 'outputs' to avoid re-running this script phase.\necho \"SUCCESS\" > \"${SCRIPT_OUTPUT_FILE_0}\"\n";
			showEnvVarsInLog = 0;
		};
		5A7122D64D43881CD6D81980 /* [CP] Embed Pods Frameworks */ = {
			isa = PBXShellScriptBuildPhase;
			buildActionMask = 2147483647;
			files = (
			);
			inputFileListPaths = (
				"${PODS_ROOT}/Target Support Files/Pods-Flix-FlixUITests/Pods-Flix-FlixUITests-frameworks-${CONFIGURATION}-input-files.xcfilelist",
			);
			name = "[CP] Embed Pods Frameworks";
			outputFileListPaths = (
				"${PODS_ROOT}/Target Support Files/Pods-Flix-FlixUITests/Pods-Flix-FlixUITests-frameworks-${CONFIGURATION}-output-files.xcfilelist",
			);
			runOnlyForDeploymentPostprocessing = 0;
			shellPath = /bin/sh;
			shellScript = "\"${PODS_ROOT}/Target Support Files/Pods-Flix-FlixUITests/Pods-Flix-FlixUITests-frameworks.sh\"\n";
			showEnvVarsInLog = 0;
		};
		6C5333380501F284C5CA6C5F /* [CP] Check Pods Manifest.lock */ = {
			isa = PBXShellScriptBuildPhase;
			buildActionMask = 2147483647;
			files = (
			);
			inputFileListPaths = (
			);
			inputPaths = (
				"${PODS_PODFILE_DIR_PATH}/Podfile.lock",
				"${PODS_ROOT}/Manifest.lock",
			);
			name = "[CP] Check Pods Manifest.lock";
			outputFileListPaths = (
			);
			outputPaths = (
				"$(DERIVED_FILE_DIR)/Pods-Flix-FlixUITests-checkManifestLockResult.txt",
			);
			runOnlyForDeploymentPostprocessing = 0;
			shellPath = /bin/sh;
			shellScript = "diff \"${PODS_PODFILE_DIR_PATH}/Podfile.lock\" \"${PODS_ROOT}/Manifest.lock\" > /dev/null\nif [ $? != 0 ] ; then\n    # print error to STDERR\n    echo \"error: The sandbox is not in sync with the Podfile.lock. Run 'pod install' or update your CocoaPods installation.\" >&2\n    exit 1\nfi\n# This output is used by Xcode 'outputs' to avoid re-running this script phase.\necho \"SUCCESS\" > \"${SCRIPT_OUTPUT_FILE_0}\"\n";
			showEnvVarsInLog = 0;
		};
		D28E95F04FD6505B1038ED9E /* [CP] Embed Pods Frameworks */ = {
			isa = PBXShellScriptBuildPhase;
			buildActionMask = 2147483647;
			files = (
			);
			inputFileListPaths = (
				"${PODS_ROOT}/Target Support Files/Pods-Flix/Pods-Flix-frameworks-${CONFIGURATION}-input-files.xcfilelist",
			);
			name = "[CP] Embed Pods Frameworks";
			outputFileListPaths = (
				"${PODS_ROOT}/Target Support Files/Pods-Flix/Pods-Flix-frameworks-${CONFIGURATION}-output-files.xcfilelist",
			);
			runOnlyForDeploymentPostprocessing = 0;
			shellPath = /bin/sh;
			shellScript = "\"${PODS_ROOT}/Target Support Files/Pods-Flix/Pods-Flix-frameworks.sh\"\n";
			showEnvVarsInLog = 0;
		};
		F2BBEC0E12AC49E7BB54F40E /* [CP] Check Pods Manifest.lock */ = {
			isa = PBXShellScriptBuildPhase;
			buildActionMask = 2147483647;
			files = (
			);
			inputFileListPaths = (
			);
			inputPaths = (
				"${PODS_PODFILE_DIR_PATH}/Podfile.lock",
				"${PODS_ROOT}/Manifest.lock",
			);
			name = "[CP] Check Pods Manifest.lock";
			outputFileListPaths = (
			);
			outputPaths = (
				"$(DERIVED_FILE_DIR)/Pods-FlixTests-checkManifestLockResult.txt",
			);
			runOnlyForDeploymentPostprocessing = 0;
			shellPath = /bin/sh;
			shellScript = "diff \"${PODS_PODFILE_DIR_PATH}/Podfile.lock\" \"${PODS_ROOT}/Manifest.lock\" > /dev/null\nif [ $? != 0 ] ; then\n    # print error to STDERR\n    echo \"error: The sandbox is not in sync with the Podfile.lock. Run 'pod install' or update your CocoaPods installation.\" >&2\n    exit 1\nfi\n# This output is used by Xcode 'outputs' to avoid re-running this script phase.\necho \"SUCCESS\" > \"${SCRIPT_OUTPUT_FILE_0}\"\n";
			showEnvVarsInLog = 0;
		};
/* End PBXShellScriptBuildPhase section */

/* Begin PBXSourcesBuildPhase section */
		4EC1E31F27B730B1003FFB50 /* Sources */ = {
			isa = PBXSourcesBuildPhase;
			buildActionMask = 2147483647;
			files = (
				4EC1E32E27B730B1003FFB50 /* ViewController.m in Sources */,
				4EF571FC27BE060D005C1C80 /* MoviesViewController.swift in Sources */,
				4E0E8EC427BE3627003A9792 /* MovieCell.swift in Sources */,
				4EC1E32827B730B1003FFB50 /* AppDelegate.m in Sources */,
				4EC1E33927B730B5003FFB50 /* main.m in Sources */,
				4EC1E32B27B730B1003FFB50 /* SceneDelegate.m in Sources */,
			);
			runOnlyForDeploymentPostprocessing = 0;
		};
		4EC1E33A27B730B6003FFB50 /* Sources */ = {
			isa = PBXSourcesBuildPhase;
			buildActionMask = 2147483647;
			files = (
				4EC1E34327B730B6003FFB50 /* FlixTests.m in Sources */,
			);
			runOnlyForDeploymentPostprocessing = 0;
		};
		4EC1E34427B730B6003FFB50 /* Sources */ = {
			isa = PBXSourcesBuildPhase;
			buildActionMask = 2147483647;
			files = (
				4EC1E34D27B730B6003FFB50 /* FlixUITests.m in Sources */,
				4EC1E34F27B730B6003FFB50 /* FlixUITestsLaunchTests.m in Sources */,
			);
			runOnlyForDeploymentPostprocessing = 0;
		};
/* End PBXSourcesBuildPhase section */

/* Begin PBXTargetDependency section */
		4EC1E34027B730B6003FFB50 /* PBXTargetDependency */ = {
			isa = PBXTargetDependency;
			target = 4EC1E32227B730B1003FFB50 /* Flix */;
			targetProxy = 4EC1E33F27B730B6003FFB50 /* PBXContainerItemProxy */;
		};
		4EC1E34A27B730B6003FFB50 /* PBXTargetDependency */ = {
			isa = PBXTargetDependency;
			target = 4EC1E32227B730B1003FFB50 /* Flix */;
			targetProxy = 4EC1E34927B730B6003FFB50 /* PBXContainerItemProxy */;
		};
/* End PBXTargetDependency section */

/* Begin PBXVariantGroup section */
		4EC1E32F27B730B1003FFB50 /* Main.storyboard */ = {
			isa = PBXVariantGroup;
			children = (
				4EC1E33027B730B1003FFB50 /* Base */,
			);
			name = Main.storyboard;
			sourceTree = "<group>";
		};
		4EC1E33427B730B5003FFB50 /* LaunchScreen.storyboard */ = {
			isa = PBXVariantGroup;
			children = (
				4EC1E33527B730B5003FFB50 /* Base */,
			);
			name = LaunchScreen.storyboard;
			sourceTree = "<group>";
		};
/* End PBXVariantGroup section */

/* Begin XCBuildConfiguration section */
		4EC1E35027B730B6003FFB50 /* Debug */ = {
			isa = XCBuildConfiguration;
			buildSettings = {
				ALWAYS_SEARCH_USER_PATHS = NO;
				CLANG_ANALYZER_NONNULL = YES;
				CLANG_ANALYZER_NUMBER_OBJECT_CONVERSION = YES_AGGRESSIVE;
				CLANG_CXX_LANGUAGE_STANDARD = "gnu++17";
				CLANG_CXX_LIBRARY = "libc++";
				CLANG_ENABLE_MODULES = YES;
				CLANG_ENABLE_OBJC_ARC = YES;
				CLANG_ENABLE_OBJC_WEAK = YES;
				CLANG_WARN_BLOCK_CAPTURE_AUTORELEASING = YES;
				CLANG_WARN_BOOL_CONVERSION = YES;
				CLANG_WARN_COMMA = YES;
				CLANG_WARN_CONSTANT_CONVERSION = YES;
				CLANG_WARN_DEPRECATED_OBJC_IMPLEMENTATIONS = YES;
				CLANG_WARN_DIRECT_OBJC_ISA_USAGE = YES_ERROR;
				CLANG_WARN_DOCUMENTATION_COMMENTS = YES;
				CLANG_WARN_EMPTY_BODY = YES;
				CLANG_WARN_ENUM_CONVERSION = YES;
				CLANG_WARN_INFINITE_RECURSION = YES;
				CLANG_WARN_INT_CONVERSION = YES;
				CLANG_WARN_NON_LITERAL_NULL_CONVERSION = YES;
				CLANG_WARN_OBJC_IMPLICIT_RETAIN_SELF = YES;
				CLANG_WARN_OBJC_LITERAL_CONVERSION = YES;
				CLANG_WARN_OBJC_ROOT_CLASS = YES_ERROR;
				CLANG_WARN_QUOTED_INCLUDE_IN_FRAMEWORK_HEADER = YES;
				CLANG_WARN_RANGE_LOOP_ANALYSIS = YES;
				CLANG_WARN_STRICT_PROTOTYPES = YES;
				CLANG_WARN_SUSPICIOUS_MOVE = YES;
				CLANG_WARN_UNGUARDED_AVAILABILITY = YES_AGGRESSIVE;
				CLANG_WARN_UNREACHABLE_CODE = YES;
				CLANG_WARN__DUPLICATE_METHOD_MATCH = YES;
				COPY_PHASE_STRIP = NO;
				DEBUG_INFORMATION_FORMAT = dwarf;
				ENABLE_STRICT_OBJC_MSGSEND = YES;
				ENABLE_TESTABILITY = YES;
				GCC_C_LANGUAGE_STANDARD = gnu11;
				GCC_DYNAMIC_NO_PIC = NO;
				GCC_NO_COMMON_BLOCKS = YES;
				GCC_OPTIMIZATION_LEVEL = 0;
				GCC_PREPROCESSOR_DEFINITIONS = (
					"DEBUG=1",
					"$(inherited)",
				);
				GCC_WARN_64_TO_32_BIT_CONVERSION = YES;
				GCC_WARN_ABOUT_RETURN_TYPE = YES_ERROR;
				GCC_WARN_UNDECLARED_SELECTOR = YES;
				GCC_WARN_UNINITIALIZED_AUTOS = YES_AGGRESSIVE;
				GCC_WARN_UNUSED_FUNCTION = YES;
				GCC_WARN_UNUSED_VARIABLE = YES;
				IPHONEOS_DEPLOYMENT_TARGET = 15.2;
				MTL_ENABLE_DEBUG_INFO = INCLUDE_SOURCE;
				MTL_FAST_MATH = YES;
				ONLY_ACTIVE_ARCH = YES;
				SDKROOT = iphoneos;
			};
			name = Debug;
		};
		4EC1E35127B730B6003FFB50 /* Release */ = {
			isa = XCBuildConfiguration;
			buildSettings = {
				ALWAYS_SEARCH_USER_PATHS = NO;
				CLANG_ANALYZER_NONNULL = YES;
				CLANG_ANALYZER_NUMBER_OBJECT_CONVERSION = YES_AGGRESSIVE;
				CLANG_CXX_LANGUAGE_STANDARD = "gnu++17";
				CLANG_CXX_LIBRARY = "libc++";
				CLANG_ENABLE_MODULES = YES;
				CLANG_ENABLE_OBJC_ARC = YES;
				CLANG_ENABLE_OBJC_WEAK = YES;
				CLANG_WARN_BLOCK_CAPTURE_AUTORELEASING = YES;
				CLANG_WARN_BOOL_CONVERSION = YES;
				CLANG_WARN_COMMA = YES;
				CLANG_WARN_CONSTANT_CONVERSION = YES;
				CLANG_WARN_DEPRECATED_OBJC_IMPLEMENTATIONS = YES;
				CLANG_WARN_DIRECT_OBJC_ISA_USAGE = YES_ERROR;
				CLANG_WARN_DOCUMENTATION_COMMENTS = YES;
				CLANG_WARN_EMPTY_BODY = YES;
				CLANG_WARN_ENUM_CONVERSION = YES;
				CLANG_WARN_INFINITE_RECURSION = YES;
				CLANG_WARN_INT_CONVERSION = YES;
				CLANG_WARN_NON_LITERAL_NULL_CONVERSION = YES;
				CLANG_WARN_OBJC_IMPLICIT_RETAIN_SELF = YES;
				CLANG_WARN_OBJC_LITERAL_CONVERSION = YES;
				CLANG_WARN_OBJC_ROOT_CLASS = YES_ERROR;
				CLANG_WARN_QUOTED_INCLUDE_IN_FRAMEWORK_HEADER = YES;
				CLANG_WARN_RANGE_LOOP_ANALYSIS = YES;
				CLANG_WARN_STRICT_PROTOTYPES = YES;
				CLANG_WARN_SUSPICIOUS_MOVE = YES;
				CLANG_WARN_UNGUARDED_AVAILABILITY = YES_AGGRESSIVE;
				CLANG_WARN_UNREACHABLE_CODE = YES;
				CLANG_WARN__DUPLICATE_METHOD_MATCH = YES;
				COPY_PHASE_STRIP = NO;
				DEBUG_INFORMATION_FORMAT = "dwarf-with-dsym";
				ENABLE_NS_ASSERTIONS = NO;
				ENABLE_STRICT_OBJC_MSGSEND = YES;
				GCC_C_LANGUAGE_STANDARD = gnu11;
				GCC_NO_COMMON_BLOCKS = YES;
				GCC_WARN_64_TO_32_BIT_CONVERSION = YES;
				GCC_WARN_ABOUT_RETURN_TYPE = YES_ERROR;
				GCC_WARN_UNDECLARED_SELECTOR = YES;
				GCC_WARN_UNINITIALIZED_AUTOS = YES_AGGRESSIVE;
				GCC_WARN_UNUSED_FUNCTION = YES;
				GCC_WARN_UNUSED_VARIABLE = YES;
				IPHONEOS_DEPLOYMENT_TARGET = 15.2;
				MTL_ENABLE_DEBUG_INFO = NO;
				MTL_FAST_MATH = YES;
				SDKROOT = iphoneos;
				VALIDATE_PRODUCT = YES;
			};
			name = Release;
		};
		4EC1E35327B730B6003FFB50 /* Debug */ = {
			isa = XCBuildConfiguration;
			baseConfigurationReference = D028D8658558A5C8AC9D26BB /* Pods-Flix.debug.xcconfig */;
			buildSettings = {
				ASSETCATALOG_COMPILER_APPICON_NAME = AppIcon;
				ASSETCATALOG_COMPILER_GLOBAL_ACCENT_COLOR_NAME = AccentColor;
				CLANG_ENABLE_MODULES = YES;
				CODE_SIGN_STYLE = Automatic;
				CURRENT_PROJECT_VERSION = 1;
				DEVELOPMENT_TEAM = NA3V64KK3B;
				GENERATE_INFOPLIST_FILE = YES;
				INFOPLIST_FILE = Flix/Info.plist;
				INFOPLIST_KEY_UIApplicationSupportsIndirectInputEvents = YES;
				INFOPLIST_KEY_UILaunchStoryboardName = LaunchScreen;
				INFOPLIST_KEY_UIMainStoryboardFile = Main;
				INFOPLIST_KEY_UISupportedInterfaceOrientations_iPad = "UIInterfaceOrientationPortrait UIInterfaceOrientationPortraitUpsideDown UIInterfaceOrientationLandscapeLeft UIInterfaceOrientationLandscapeRight";
				INFOPLIST_KEY_UISupportedInterfaceOrientations_iPhone = "UIInterfaceOrientationPortrait UIInterfaceOrientationLandscapeLeft UIInterfaceOrientationLandscapeRight";
				LD_RUNPATH_SEARCH_PATHS = (
					"$(inherited)",
					"@executable_path/Frameworks",
				);
				MARKETING_VERSION = 1.0;
				PRODUCT_BUNDLE_IDENTIFIER = codepath.Flix;
				PRODUCT_NAME = "$(TARGET_NAME)";
				SWIFT_EMIT_LOC_STRINGS = YES;
				SWIFT_OBJC_BRIDGING_HEADER = "";
				SWIFT_OPTIMIZATION_LEVEL = "-Onone";
				SWIFT_VERSION = 5.0;
				TARGETED_DEVICE_FAMILY = "1,2";
			};
			name = Debug;
		};
		4EC1E35427B730B6003FFB50 /* Release */ = {
			isa = XCBuildConfiguration;
			baseConfigurationReference = AFC0306E1FBDA8FD3DB7E696 /* Pods-Flix.release.xcconfig */;
			buildSettings = {
				ASSETCATALOG_COMPILER_APPICON_NAME = AppIcon;
				ASSETCATALOG_COMPILER_GLOBAL_ACCENT_COLOR_NAME = AccentColor;
				CLANG_ENABLE_MODULES = YES;
				CODE_SIGN_STYLE = Automatic;
				CURRENT_PROJECT_VERSION = 1;
				DEVELOPMENT_TEAM = NA3V64KK3B;
				GENERATE_INFOPLIST_FILE = YES;
				INFOPLIST_FILE = Flix/Info.plist;
				INFOPLIST_KEY_UIApplicationSupportsIndirectInputEvents = YES;
				INFOPLIST_KEY_UILaunchStoryboardName = LaunchScreen;
				INFOPLIST_KEY_UIMainStoryboardFile = Main;
				INFOPLIST_KEY_UISupportedInterfaceOrientations_iPad = "UIInterfaceOrientationPortrait UIInterfaceOrientationPortraitUpsideDown UIInterfaceOrientationLandscapeLeft UIInterfaceOrientationLandscapeRight";
				INFOPLIST_KEY_UISupportedInterfaceOrientations_iPhone = "UIInterfaceOrientationPortrait UIInterfaceOrientationLandscapeLeft UIInterfaceOrientationLandscapeRight";
				LD_RUNPATH_SEARCH_PATHS = (
					"$(inherited)",
					"@executable_path/Frameworks",
				);
				MARKETING_VERSION = 1.0;
				PRODUCT_BUNDLE_IDENTIFIER = codepath.Flix;
				PRODUCT_NAME = "$(TARGET_NAME)";
				SWIFT_EMIT_LOC_STRINGS = YES;
				SWIFT_OBJC_BRIDGING_HEADER = "";
				SWIFT_VERSION = 5.0;
				TARGETED_DEVICE_FAMILY = "1,2";
			};
			name = Release;
		};
		4EC1E35627B730B6003FFB50 /* Debug */ = {
			isa = XCBuildConfiguration;
			baseConfigurationReference = B440D044473542611FF7CC22 /* Pods-FlixTests.debug.xcconfig */;
			buildSettings = {
				ALWAYS_EMBED_SWIFT_STANDARD_LIBRARIES = YES;
				BUNDLE_LOADER = "$(TEST_HOST)";
				"CODE_SIGN_IDENTITY[sdk=macosx*]" = "Apple Development";
				CODE_SIGN_STYLE = Automatic;
				CURRENT_PROJECT_VERSION = 1;
				DEVELOPMENT_TEAM = NA3V64KK3B;
				GENERATE_INFOPLIST_FILE = YES;
				IPHONEOS_DEPLOYMENT_TARGET = 15.2;
				MARKETING_VERSION = 1.0;
				PRODUCT_BUNDLE_IDENTIFIER = codepath.FlixTests;
				PRODUCT_NAME = "$(TARGET_NAME)";
				SWIFT_EMIT_LOC_STRINGS = NO;
				TARGETED_DEVICE_FAMILY = "1,2";
				TEST_HOST = "$(BUILT_PRODUCTS_DIR)/Flix.app/Flix";
			};
			name = Debug;
		};
		4EC1E35727B730B6003FFB50 /* Release */ = {
			isa = XCBuildConfiguration;
			baseConfigurationReference = 764B48AD9962D4875C3AACC0 /* Pods-FlixTests.release.xcconfig */;
			buildSettings = {
				ALWAYS_EMBED_SWIFT_STANDARD_LIBRARIES = YES;
				BUNDLE_LOADER = "$(TEST_HOST)";
				"CODE_SIGN_IDENTITY[sdk=macosx*]" = "Apple Development";
				CODE_SIGN_STYLE = Automatic;
				CURRENT_PROJECT_VERSION = 1;
				DEVELOPMENT_TEAM = NA3V64KK3B;
				GENERATE_INFOPLIST_FILE = YES;
				IPHONEOS_DEPLOYMENT_TARGET = 15.2;
				MARKETING_VERSION = 1.0;
				PRODUCT_BUNDLE_IDENTIFIER = codepath.FlixTests;
				PRODUCT_NAME = "$(TARGET_NAME)";
				SWIFT_EMIT_LOC_STRINGS = NO;
				TARGETED_DEVICE_FAMILY = "1,2";
				TEST_HOST = "$(BUILT_PRODUCTS_DIR)/Flix.app/Flix";
			};
			name = Release;
		};
		4EC1E35927B730B6003FFB50 /* Debug */ = {
			isa = XCBuildConfiguration;
			baseConfigurationReference = 41E108EF0AD638C05F92F795 /* Pods-Flix-FlixUITests.debug.xcconfig */;
			buildSettings = {
				ALWAYS_EMBED_SWIFT_STANDARD_LIBRARIES = YES;
				CODE_SIGN_STYLE = Automatic;
				CURRENT_PROJECT_VERSION = 1;
				GENERATE_INFOPLIST_FILE = YES;
				MARKETING_VERSION = 1.0;
				PRODUCT_BUNDLE_IDENTIFIER = codepath.FlixUITests;
				PRODUCT_NAME = "$(TARGET_NAME)";
				SWIFT_EMIT_LOC_STRINGS = NO;
				TARGETED_DEVICE_FAMILY = "1,2";
				TEST_TARGET_NAME = Flix;
			};
			name = Debug;
		};
		4EC1E35A27B730B6003FFB50 /* Release */ = {
			isa = XCBuildConfiguration;
			baseConfigurationReference = 49140A49F68B7D0829B916F5 /* Pods-Flix-FlixUITests.release.xcconfig */;
			buildSettings = {
				ALWAYS_EMBED_SWIFT_STANDARD_LIBRARIES = YES;
				CODE_SIGN_STYLE = Automatic;
				CURRENT_PROJECT_VERSION = 1;
				GENERATE_INFOPLIST_FILE = YES;
				MARKETING_VERSION = 1.0;
				PRODUCT_BUNDLE_IDENTIFIER = codepath.FlixUITests;
				PRODUCT_NAME = "$(TARGET_NAME)";
				SWIFT_EMIT_LOC_STRINGS = NO;
				TARGETED_DEVICE_FAMILY = "1,2";
				TEST_TARGET_NAME = Flix;
			};
			name = Release;
		};
/* End XCBuildConfiguration section */

/* Begin XCConfigurationList section */
		4EC1E31E27B730B1003FFB50 /* Build configuration list for PBXProject "Flix" */ = {
			isa = XCConfigurationList;
			buildConfigurations = (
				4EC1E35027B730B6003FFB50 /* Debug */,
				4EC1E35127B730B6003FFB50 /* Release */,
			);
			defaultConfigurationIsVisible = 0;
			defaultConfigurationName = Release;
		};
		4EC1E35227B730B6003FFB50 /* Build configuration list for PBXNativeTarget "Flix" */ = {
			isa = XCConfigurationList;
			buildConfigurations = (
				4EC1E35327B730B6003FFB50 /* Debug */,
				4EC1E35427B730B6003FFB50 /* Release */,
			);
			defaultConfigurationIsVisible = 0;
			defaultConfigurationName = Release;
		};
		4EC1E35527B730B6003FFB50 /* Build configuration list for PBXNativeTarget "FlixTests" */ = {
			isa = XCConfigurationList;
			buildConfigurations = (
				4EC1E35627B730B6003FFB50 /* Debug */,
				4EC1E35727B730B6003FFB50 /* Release */,
			);
			defaultConfigurationIsVisible = 0;
			defaultConfigurationName = Release;
		};
		4EC1E35827B730B6003FFB50 /* Build configuration list for PBXNativeTarget "FlixUITests" */ = {
			isa = XCConfigurationList;
			buildConfigurations = (
				4EC1E35927B730B6003FFB50 /* Debug */,
				4EC1E35A27B730B6003FFB50 /* Release */,
			);
			defaultConfigurationIsVisible = 0;
			defaultConfigurationName = Release;
		};
/* End XCConfigurationList section */

/* Begin XCRemoteSwiftPackageReference section */
		4E0E8EC527BF27FE003A9792 /* XCRemoteSwiftPackageReference "AlamofireImage" */ = {
			isa = XCRemoteSwiftPackageReference;
			repositoryURL = "https://github.com/Alamofire/AlamofireImage";
			requirement = {
				kind = upToNextMajorVersion;
				minimumVersion = 4.0.0;
			};
		};
/* End XCRemoteSwiftPackageReference section */

/* Begin XCSwiftPackageProductDependency section */
		4E0E8EC627BF27FE003A9792 /* AlamofireImage */ = {
			isa = XCSwiftPackageProductDependency;
			package = 4E0E8EC527BF27FE003A9792 /* XCRemoteSwiftPackageReference "AlamofireImage" */;
			productName = AlamofireImage;
		};
/* End XCSwiftPackageProductDependency section */
	};
	rootObject = 4EC1E31B27B730B1003FFB50 /* Project object */;
}
